
Microsoft Visual Studio Solution File, Format Version 12.00
# Visual Studio 15
VisualStudioVersion = 15.0.27703.2042
MinimumVisualStudioVersion = 10.0.40219.1
Project("{FAE04EC0-301F-11D3-BF4B-00C04F79EFBC}") = "后勤管理", "后勤管理\后勤管理.csproj", "{704723E8-B7A9-4E05-9519-58EC38AC1E9B}"
EndProject
Global
	GlobalSection(SolutionConfigurationPlatforms) = preSolution
		Debug|Any CPU = Debug|Any CPU
		Release|Any CPU = Release|Any CPU
	EndGlobalSection
	GlobalSection(ProjectConfigurationPlatforms) = postSolution
		{704723E8-B7A9-4E05-9519-58EC38AC1E9B}.Debug|Any CPU.ActiveCfg = Debug|Any CPU
		{704723E8-B7A9-4E05-9519-58EC38AC1E9B}.Debug|Any CPU.Build.0 = Debug|Any CPU
		{704723E8-B7A9-4E05-9519-58EC38AC1E9B}.Release|Any CPU.ActiveCfg = Release|Any CPU
		{704723E8-B7A9-4E05-9519-58EC38AC1E9B}.Release|Any CPU.Build.0 = Release|Any CPU
	EndGlobalSection
	GlobalSection(SolutionProperties) = preSolution
		HideSolutionNode = FALSE
	EndGlobalSection
	GlobalSection(ExtensibilityGlobals) = postSolution
		SolutionGuid = {118C57BF-60D2-4B40-8C42-B0DAA71B162E}
	EndGlobalSection
EndGlobal
